
Microsoft Visual Studio Solution File, Format Version 12.00
# Visual Studio Version 17
VisualStudioVersion = 17.3.32922.545
MinimumVisualStudioVersion = 10.0.40219.1
Project("{FAE04EC0-301F-11D3-BF4B-00C04F79EFBC}") = "DotvvmApplication1", "DotvvmApplication1.csproj", "{C51356AC-BFAF-4CDE-B022-7F12F3AEF811}"
EndProject
Global
	GlobalSection(SolutionConfigurationPlatforms) = preSolution
		Debug|Any CPU = Debug|Any CPU
		Release|Any CPU = Release|Any CPU
	EndGlobalSection
	GlobalSection(ProjectConfigurationPlatforms) = postSolution
		{C51356AC-BFAF-4CDE-B022-7F12F3AEF811}.Debug|Any CPU.ActiveCfg = Debug|Any CPU
		{C51356AC-BFAF-4CDE-B022-7F12F3AEF811}.Debug|Any CPU.Build.0 = Debug|Any CPU
		{C51356AC-BFAF-4CDE-B022-7F12F3AEF811}.Release|Any CPU.ActiveCfg = Release|Any CPU
		{C51356AC-BFAF-4CDE-B022-7F12F3AEF811}.Release|Any CPU.Build.0 = Release|Any CPU
	EndGlobalSection
	GlobalSection(SolutionProperties) = preSolution
		HideSolutionNode = FALSE
	EndGlobalSection
	GlobalSection(ExtensibilityGlobals) = postSolution
		SolutionGuid = {4A0D4C18-E99C-47E0-86C3-3806D0336508}
	EndGlobalSection
EndGlobal
